// !$*UTF8*$!
{
	archiveVersion = 1;
	classes = {
	};
	objectVersion = 46;
	objects = {

/* Begin PBXBuildFile section */
		455D81261E901D5000D7406A /* JPEG.swift in Sources */ = {isa = PBXBuildFile; fileRef = 455D81241E901D5000D7406A /* JPEG.swift */; };
		455D81271E901D5000D7406A /* QuickTimeMov.swift in Sources */ = {isa = PBXBuildFile; fileRef = 455D81251E901D5000D7406A /* QuickTimeMov.swift */; };
		455D81291E90372100D7406A /* GIFManager.swift in Sources */ = {isa = PBXBuildFile; fileRef = 455D81281E90372100D7406A /* GIFManager.swift */; };
		455D81321E90555000D7406A /* GIF.swift in Sources */ = {isa = PBXBuildFile; fileRef = 455D81311E90555000D7406A /* GIF.swift */; };
		455D813B1E90789B00D7406A /* GIFConverter.swift in Sources */ = {isa = PBXBuildFile; fileRef = 455D813A1E90789B00D7406A /* GIFConverter.swift */; };
		455D813D1E90968300D7406A /* GIFViewController.swift in Sources */ = {isa = PBXBuildFile; fileRef = 455D813C1E90968300D7406A /* GIFViewController.swift */; };
		455D813F1E90969200D7406A /* LivePhotoViewController.swift in Sources */ = {isa = PBXBuildFile; fileRef = 455D813E1E90969200D7406A /* LivePhotoViewController.swift */; };
		455D81421E90992000D7406A /* ViewControllerCollectionViewCell.swift in Sources */ = {isa = PBXBuildFile; fileRef = 455D81411E90992000D7406A /* ViewControllerCollectionViewCell.swift */; };
		4566B5C21E909D9600D3E357 /* PageCollectionViewCell.swift in Sources */ = {isa = PBXBuildFile; fileRef = 4566B5C11E909D9600D3E357 /* PageCollectionViewCell.swift */; };
		4566B5C71E91303F00D3E357 /* Montserrat-Bold.ttf in Resources */ = {isa = PBXBuildFile; fileRef = 4566B5C51E91303F00D3E357 /* Montserrat-Bold.ttf */; };
		4566B5C81E91303F00D3E357 /* Montserrat-Regular.ttf in Resources */ = {isa = PBXBuildFile; fileRef = 4566B5C61E91303F00D3E357 /* Montserrat-Regular.ttf */; };
		4566B5CA1E9132A000D3E357 /* GIFCollectionViewCell.swift in Sources */ = {isa = PBXBuildFile; fileRef = 4566B5C91E9132A000D3E357 /* GIFCollectionViewCell.swift */; };
		4566B5CC1E91349600D3E357 /* GIFDataSource.swift in Sources */ = {isa = PBXBuildFile; fileRef = 4566B5CB1E91349600D3E357 /* GIFDataSource.swift */; };
		45A1CE281EA289F300C84563 /* GIFDetailViewController.swift in Sources */ = {isa = PBXBuildFile; fileRef = 45A1CE271EA289F300C84563 /* GIFDetailViewController.swift */; };
		45A1CE2B1EA2A29800C84563 /* SpectrumView.swift in Sources */ = {isa = PBXBuildFile; fileRef = 45A1CE2A1EA2A29800C84563 /* SpectrumView.swift */; };
		45A1CE2D1EA2A33D00C84563 /* ColorPickerViewController.swift in Sources */ = {isa = PBXBuildFile; fileRef = 45A1CE2C1EA2A33D00C84563 /* ColorPickerViewController.swift */; };
		45A1CE2F1EA2A76900C84563 /* Tools.swift in Sources */ = {isa = PBXBuildFile; fileRef = 45A1CE2E1EA2A76900C84563 /* Tools.swift */; };
		45A1CE3A1EA4F04900C84563 /* LivePhotoDataSource.swift in Sources */ = {isa = PBXBuildFile; fileRef = 45A1CE391EA4F04900C84563 /* LivePhotoDataSource.swift */; };
		45A1CE3C1EA4F11100C84563 /* LivePhotoCollectionViewCell.swift in Sources */ = {isa = PBXBuildFile; fileRef = 45A1CE3B1EA4F11100C84563 /* LivePhotoCollectionViewCell.swift */; };
		45A1CE3F1EA6458A00C84563 /* LivePhoto.storyboard in Resources */ = {isa = PBXBuildFile; fileRef = 45A1CE3D1EA6458A00C84563 /* LivePhoto.storyboard */; };
		45A1CE421EA645B000C84563 /* GIF.storyboard in Resources */ = {isa = PBXBuildFile; fileRef = 45A1CE401EA645B000C84563 /* GIF.storyboard */; };
		45A1CE441EA645D100C84563 /* LivePhotoDetailViewController.swift in Sources */ = {isa = PBXBuildFile; fileRef = 45A1CE431EA645D100C84563 /* LivePhotoDetailViewController.swift */; };
		45E0C1FF1E88526700F978C8 /* AppDelegate.swift in Sources */ = {isa = PBXBuildFile; fileRef = 45E0C1FE1E88526700F978C8 /* AppDelegate.swift */; };
		45E0C2071E88526700F978C8 /* Jeffy.xcdatamodeld in Sources */ = {isa = PBXBuildFile; fileRef = 45E0C2051E88526700F978C8 /* Jeffy.xcdatamodeld */; };
		45E0C2091E88526700F978C8 /* Assets.xcassets in Resources */ = {isa = PBXBuildFile; fileRef = 45E0C2081E88526700F978C8 /* Assets.xcassets */; };
		45E0C2171E88526700F978C8 /* JeffyTests.swift in Sources */ = {isa = PBXBuildFile; fileRef = 45E0C2161E88526700F978C8 /* JeffyTests.swift */; };
		45E0C22B1E88533200F978C8 /* LaunchScreen.storyboard in Resources */ = {isa = PBXBuildFile; fileRef = 45E0C2271E88533200F978C8 /* LaunchScreen.storyboard */; };
		45E0C22C1E88533200F978C8 /* Main.storyboard in Resources */ = {isa = PBXBuildFile; fileRef = 45E0C2291E88533200F978C8 /* Main.storyboard */; };
		45E0C22E1E88534B00F978C8 /* MainViewController.swift in Sources */ = {isa = PBXBuildFile; fileRef = 45E0C22D1E88534B00F978C8 /* MainViewController.swift */; };
		45E0C2331E8853CC00F978C8 /* PhotosManager.swift in Sources */ = {isa = PBXBuildFile; fileRef = 45E0C2321E8853CC00F978C8 /* PhotosManager.swift */; };
		45E0C2351E8853CF00F978C8 /* JeffyAlbum.swift in Sources */ = {isa = PBXBuildFile; fileRef = 45E0C2341E8853CF00F978C8 /* JeffyAlbum.swift */; };
		B4F5E66ECDAE87C5EE02E903 /* Pods_JeffyTests.framework in Frameworks */ = {isa = PBXBuildFile; fileRef = 23CC65F2015B4C94D1E7BCD8 /* Pods_JeffyTests.framework */; };
		B9D73A4C6C19F67165410546 /* Pods_Jeffy.framework in Frameworks */ = {isa = PBXBuildFile; fileRef = 5445CC56839CEEDA7D09E8CA /* Pods_Jeffy.framework */; };
/* End PBXBuildFile section */

/* Begin PBXContainerItemProxy section */
		45E0C2131E88526700F978C8 /* PBXContainerItemProxy */ = {
			isa = PBXContainerItemProxy;
			containerPortal = 45E0C1F31E88526700F978C8 /* Project object */;
			proxyType = 1;
			remoteGlobalIDString = 45E0C1FA1E88526700F978C8;
			remoteInfo = Jeffy;
		};
/* End PBXContainerItemProxy section */

/* Begin PBXFileReference section */
		0530C586FC1A14B1CFA80402 /* Pods-Jeffy.release.xcconfig */ = {isa = PBXFileReference; includeInIndex = 1; lastKnownFileType = text.xcconfig; name = "Pods-Jeffy.release.xcconfig"; path = "Pods/Target Support Files/Pods-Jeffy/Pods-Jeffy.release.xcconfig"; sourceTree = "<group>"; };
		23CC65F2015B4C94D1E7BCD8 /* Pods_JeffyTests.framework */ = {isa = PBXFileReference; explicitFileType = wrapper.framework; includeInIndex = 0; path = Pods_JeffyTests.framework; sourceTree = BUILT_PRODUCTS_DIR; };
		3DFF9327804BA3E46C5F0453 /* Pods-JeffyTests.debug.xcconfig */ = {isa = PBXFileReference; includeInIndex = 1; lastKnownFileType = text.xcconfig; name = "Pods-JeffyTests.debug.xcconfig"; path = "Pods/Target Support Files/Pods-JeffyTests/Pods-JeffyTests.debug.xcconfig"; sourceTree = "<group>"; };
		455D81201E900FE100D7406A /* Jeffy.playground */ = {isa = PBXFileReference; lastKnownFileType = file.playground; path = Jeffy.playground; sourceTree = "<group>"; };
		455D81241E901D5000D7406A /* JPEG.swift */ = {isa = PBXFileReference; fileEncoding = 4; lastKnownFileType = sourcecode.swift; path = JPEG.swift; sourceTree = "<group>"; };
		455D81251E901D5000D7406A /* QuickTimeMov.swift */ = {isa = PBXFileReference; fileEncoding = 4; lastKnownFileType = sourcecode.swift; path = QuickTimeMov.swift; sourceTree = "<group>"; };
		455D81281E90372100D7406A /* GIFManager.swift */ = {isa = PBXFileReference; fileEncoding = 4; lastKnownFileType = sourcecode.swift; path = GIFManager.swift; sourceTree = "<group>"; };
		455D81311E90555000D7406A /* GIF.swift */ = {isa = PBXFileReference; fileEncoding = 4; lastKnownFileType = sourcecode.swift; path = GIF.swift; sourceTree = "<group>"; };
		455D813A1E90789B00D7406A /* GIFConverter.swift */ = {isa = PBXFileReference; fileEncoding = 4; lastKnownFileType = sourcecode.swift; path = GIFConverter.swift; sourceTree = "<group>"; };
		455D813C1E90968300D7406A /* GIFViewController.swift */ = {isa = PBXFileReference; fileEncoding = 4; lastKnownFileType = sourcecode.swift; path = GIFViewController.swift; sourceTree = "<group>"; };
		455D813E1E90969200D7406A /* LivePhotoViewController.swift */ = {isa = PBXFileReference; fileEncoding = 4; lastKnownFileType = sourcecode.swift; path = LivePhotoViewController.swift; sourceTree = "<group>"; };
		455D81411E90992000D7406A /* ViewControllerCollectionViewCell.swift */ = {isa = PBXFileReference; fileEncoding = 4; lastKnownFileType = sourcecode.swift; path = ViewControllerCollectionViewCell.swift; sourceTree = "<group>"; };
		4566B5C11E909D9600D3E357 /* PageCollectionViewCell.swift */ = {isa = PBXFileReference; fileEncoding = 4; lastKnownFileType = sourcecode.swift; path = PageCollectionViewCell.swift; sourceTree = "<group>"; };
		4566B5C51E91303F00D3E357 /* Montserrat-Bold.ttf */ = {isa = PBXFileReference; lastKnownFileType = file; path = "Montserrat-Bold.ttf"; sourceTree = "<group>"; };
		4566B5C61E91303F00D3E357 /* Montserrat-Regular.ttf */ = {isa = PBXFileReference; lastKnownFileType = file; path = "Montserrat-Regular.ttf"; sourceTree = "<group>"; };
		4566B5C91E9132A000D3E357 /* GIFCollectionViewCell.swift */ = {isa = PBXFileReference; fileEncoding = 4; lastKnownFileType = sourcecode.swift; path = GIFCollectionViewCell.swift; sourceTree = "<group>"; };
		4566B5CB1E91349600D3E357 /* GIFDataSource.swift */ = {isa = PBXFileReference; fileEncoding = 4; lastKnownFileType = sourcecode.swift; path = GIFDataSource.swift; sourceTree = "<group>"; };
		45A1CE271EA289F300C84563 /* GIFDetailViewController.swift */ = {isa = PBXFileReference; fileEncoding = 4; lastKnownFileType = sourcecode.swift; path = GIFDetailViewController.swift; sourceTree = "<group>"; };
		45A1CE2A1EA2A29800C84563 /* SpectrumView.swift */ = {isa = PBXFileReference; fileEncoding = 4; lastKnownFileType = sourcecode.swift; path = SpectrumView.swift; sourceTree = "<group>"; };
		45A1CE2C1EA2A33D00C84563 /* ColorPickerViewController.swift */ = {isa = PBXFileReference; fileEncoding = 4; lastKnownFileType = sourcecode.swift; path = ColorPickerViewController.swift; sourceTree = "<group>"; };
		45A1CE2E1EA2A76900C84563 /* Tools.swift */ = {isa = PBXFileReference; fileEncoding = 4; lastKnownFileType = sourcecode.swift; path = Tools.swift; sourceTree = "<group>"; };
		45A1CE391EA4F04900C84563 /* LivePhotoDataSource.swift */ = {isa = PBXFileReference; fileEncoding = 4; lastKnownFileType = sourcecode.swift; path = LivePhotoDataSource.swift; sourceTree = "<group>"; };
		45A1CE3B1EA4F11100C84563 /* LivePhotoCollectionViewCell.swift */ = {isa = PBXFileReference; fileEncoding = 4; lastKnownFileType = sourcecode.swift; path = LivePhotoCollectionViewCell.swift; sourceTree = "<group>"; };
		45A1CE3E1EA6458A00C84563 /* Base */ = {isa = PBXFileReference; lastKnownFileType = file.storyboard; name = Base; path = Base.lproj/LivePhoto.storyboard; sourceTree = "<group>"; };
		45A1CE411EA645B000C84563 /* Base */ = {isa = PBXFileReference; lastKnownFileType = file.storyboard; name = Base; path = Base.lproj/GIF.storyboard; sourceTree = "<group>"; };
		45A1CE431EA645D100C84563 /* LivePhotoDetailViewController.swift */ = {isa = PBXFileReference; fileEncoding = 4; lastKnownFileType = sourcecode.swift; path = LivePhotoDetailViewController.swift; sourceTree = "<group>"; };
		45E0C1FB1E88526700F978C8 /* Jeffy.app */ = {isa = PBXFileReference; explicitFileType = wrapper.application; includeInIndex = 0; path = Jeffy.app; sourceTree = BUILT_PRODUCTS_DIR; };
		45E0C1FE1E88526700F978C8 /* AppDelegate.swift */ = {isa = PBXFileReference; lastKnownFileType = sourcecode.swift; path = AppDelegate.swift; sourceTree = "<group>"; };
		45E0C2061E88526700F978C8 /* Jeffy.xcdatamodel */ = {isa = PBXFileReference; lastKnownFileType = wrapper.xcdatamodel; path = Jeffy.xcdatamodel; sourceTree = "<group>"; };
		45E0C2081E88526700F978C8 /* Assets.xcassets */ = {isa = PBXFileReference; lastKnownFileType = folder.assetcatalog; path = Assets.xcassets; sourceTree = "<group>"; };
		45E0C20D1E88526700F978C8 /* Info.plist */ = {isa = PBXFileReference; lastKnownFileType = text.plist.xml; path = Info.plist; sourceTree = "<group>"; };
		45E0C2121E88526700F978C8 /* JeffyTests.xctest */ = {isa = PBXFileReference; explicitFileType = wrapper.cfbundle; includeInIndex = 0; path = JeffyTests.xctest; sourceTree = BUILT_PRODUCTS_DIR; };
		45E0C2161E88526700F978C8 /* JeffyTests.swift */ = {isa = PBXFileReference; lastKnownFileType = sourcecode.swift; path = JeffyTests.swift; sourceTree = "<group>"; };
		45E0C2181E88526700F978C8 /* Info.plist */ = {isa = PBXFileReference; lastKnownFileType = text.plist.xml; path = Info.plist; sourceTree = "<group>"; };
		45E0C2281E88533200F978C8 /* Base */ = {isa = PBXFileReference; lastKnownFileType = file.storyboard; name = Base; path = Base.lproj/LaunchScreen.storyboard; sourceTree = "<group>"; };
		45E0C22A1E88533200F978C8 /* Base */ = {isa = PBXFileReference; lastKnownFileType = file.storyboard; name = Base; path = Base.lproj/Main.storyboard; sourceTree = "<group>"; };
		45E0C22D1E88534B00F978C8 /* MainViewController.swift */ = {isa = PBXFileReference; fileEncoding = 4; lastKnownFileType = sourcecode.swift; path = MainViewController.swift; sourceTree = "<group>"; };
		45E0C2321E8853CC00F978C8 /* PhotosManager.swift */ = {isa = PBXFileReference; fileEncoding = 4; lastKnownFileType = sourcecode.swift; path = PhotosManager.swift; sourceTree = "<group>"; };
		45E0C2341E8853CF00F978C8 /* JeffyAlbum.swift */ = {isa = PBXFileReference; fileEncoding = 4; lastKnownFileType = sourcecode.swift; path = JeffyAlbum.swift; sourceTree = "<group>"; };
		5445CC56839CEEDA7D09E8CA /* Pods_Jeffy.framework */ = {isa = PBXFileReference; explicitFileType = wrapper.framework; includeInIndex = 0; path = Pods_Jeffy.framework; sourceTree = BUILT_PRODUCTS_DIR; };
		9A368AAA0CCC0C885EF9BD32 /* Pods-JeffyTests.release.xcconfig */ = {isa = PBXFileReference; includeInIndex = 1; lastKnownFileType = text.xcconfig; name = "Pods-JeffyTests.release.xcconfig"; path = "Pods/Target Support Files/Pods-JeffyTests/Pods-JeffyTests.release.xcconfig"; sourceTree = "<group>"; };
		9FFCE7D46D93D1BDB639AF08 /* Pods-Jeffy.debug.xcconfig */ = {isa = PBXFileReference; includeInIndex = 1; lastKnownFileType = text.xcconfig; name = "Pods-Jeffy.debug.xcconfig"; path = "Pods/Target Support Files/Pods-Jeffy/Pods-Jeffy.debug.xcconfig"; sourceTree = "<group>"; };
/* End PBXFileReference section */

/* Begin PBXFrameworksBuildPhase section */
		45E0C1F81E88526700F978C8 /* Frameworks */ = {
			isa = PBXFrameworksBuildPhase;
			buildActionMask = 2147483647;
			files = (
				B9D73A4C6C19F67165410546 /* Pods_Jeffy.framework in Frameworks */,
			);
			runOnlyForDeploymentPostprocessing = 0;
		};
		45E0C20F1E88526700F978C8 /* Frameworks */ = {
			isa = PBXFrameworksBuildPhase;
			buildActionMask = 2147483647;
			files = (
				B4F5E66ECDAE87C5EE02E903 /* Pods_JeffyTests.framework in Frameworks */,
			);
			runOnlyForDeploymentPostprocessing = 0;
		};
/* End PBXFrameworksBuildPhase section */

/* Begin PBXGroup section */
		455D81211E90161300D7406A /* Resources */ = {
			isa = PBXGroup;
			children = (
				4566B5C31E91303F00D3E357 /* Fonts */,
			);
			path = Resources;
			sourceTree = "<group>";
		};
		455D812B1E9041B000D7406A /* Extensions */ = {
			isa = PBXGroup;
			children = (
				45A1CE2E1EA2A76900C84563 /* Tools.swift */,
			);
			path = Extensions;
			sourceTree = "<group>";
		};
		455D81401E90992000D7406A /* Cells */ = {
			isa = PBXGroup;
			children = (
				4566B5C91E9132A000D3E357 /* GIFCollectionViewCell.swift */,
				45A1CE3B1EA4F11100C84563 /* LivePhotoCollectionViewCell.swift */,
				4566B5C11E909D9600D3E357 /* PageCollectionViewCell.swift */,
				455D81411E90992000D7406A /* ViewControllerCollectionViewCell.swift */,
			);
			path = Cells;
			sourceTree = "<group>";
		};
		4566B5C31E91303F00D3E357 /* Fonts */ = {
			isa = PBXGroup;
			children = (
				4566B5C41E91303F00D3E357 /* Montserrat */,
			);
			path = Fonts;
			sourceTree = "<group>";
		};
		4566B5C41E91303F00D3E357 /* Montserrat */ = {
			isa = PBXGroup;
			children = (
				4566B5C51E91303F00D3E357 /* Montserrat-Bold.ttf */,
				4566B5C61E91303F00D3E357 /* Montserrat-Regular.ttf */,
			);
			path = Montserrat;
			sourceTree = "<group>";
		};
		45A1CE291EA2A29800C84563 /* ColorPicker */ = {
			isa = PBXGroup;
			children = (
				45A1CE2A1EA2A29800C84563 /* SpectrumView.swift */,
			);
			path = ColorPicker;
			sourceTree = "<group>";
		};
		45E0C1F21E88526700F978C8 = {
			isa = PBXGroup;
			children = (
				455D81201E900FE100D7406A /* Jeffy.playground */,
				45E0C1FD1E88526700F978C8 /* Jeffy */,
				45E0C2151E88526700F978C8 /* JeffyTests */,
				45E0C1FC1E88526700F978C8 /* Products */,
				CF1A31564B753F03B0BC8180 /* Pods */,
				6A754FA4BFEF4A6C28E19D13 /* Frameworks */,
			);
			sourceTree = "<group>";
		};
		45E0C1FC1E88526700F978C8 /* Products */ = {
			isa = PBXGroup;
			children = (
				45E0C1FB1E88526700F978C8 /* Jeffy.app */,
				45E0C2121E88526700F978C8 /* JeffyTests.xctest */,
			);
			name = Products;
			sourceTree = "<group>";
		};
		45E0C1FD1E88526700F978C8 /* Jeffy */ = {
			isa = PBXGroup;
			children = (
				455D812B1E9041B000D7406A /* Extensions */,
				45E0C2261E88531B00F978C8 /* Storyboards */,
				45E0C2221E8852E600F978C8 /* Managers */,
				45E0C2231E8852E600F978C8 /* Models */,
				45E0C2241E8852E600F978C8 /* Views */,
				45E0C2211E8852E600F978C8 /* Controllers */,
				455D81211E90161300D7406A /* Resources */,
				45E0C1FE1E88526700F978C8 /* AppDelegate.swift */,
				45E0C2081E88526700F978C8 /* Assets.xcassets */,
				45E0C20D1E88526700F978C8 /* Info.plist */,
				45E0C2051E88526700F978C8 /* Jeffy.xcdatamodeld */,
			);
			path = Jeffy;
			sourceTree = "<group>";
		};
		45E0C2151E88526700F978C8 /* JeffyTests */ = {
			isa = PBXGroup;
			children = (
				45E0C2161E88526700F978C8 /* JeffyTests.swift */,
				45E0C2181E88526700F978C8 /* Info.plist */,
			);
			path = JeffyTests;
			sourceTree = "<group>";
		};
		45E0C2211E8852E600F978C8 /* Controllers */ = {
			isa = PBXGroup;
			children = (
				45E0C22D1E88534B00F978C8 /* MainViewController.swift */,
				455D813E1E90969200D7406A /* LivePhotoViewController.swift */,
				45A1CE431EA645D100C84563 /* LivePhotoDetailViewController.swift */,
				455D813C1E90968300D7406A /* GIFViewController.swift */,
				45A1CE271EA289F300C84563 /* GIFDetailViewController.swift */,
				45A1CE2C1EA2A33D00C84563 /* ColorPickerViewController.swift */,
			);
			path = Controllers;
			sourceTree = "<group>";
		};
		45E0C2221E8852E600F978C8 /* Managers */ = {
			isa = PBXGroup;
			children = (
				45E0C2321E8853CC00F978C8 /* PhotosManager.swift */,
				455D81281E90372100D7406A /* GIFManager.swift */,
			);
			path = Managers;
			sourceTree = "<group>";
		};
		45E0C2231E8852E600F978C8 /* Models */ = {
			isa = PBXGroup;
			children = (
				455D81241E901D5000D7406A /* JPEG.swift */,
				455D81251E901D5000D7406A /* QuickTimeMov.swift */,
				45E0C2341E8853CF00F978C8 /* JeffyAlbum.swift */,
				455D81311E90555000D7406A /* GIF.swift */,
				455D813A1E90789B00D7406A /* GIFConverter.swift */,
				4566B5CB1E91349600D3E357 /* GIFDataSource.swift */,
				45A1CE391EA4F04900C84563 /* LivePhotoDataSource.swift */,
			);
			path = Models;
			sourceTree = "<group>";
		};
		45E0C2241E8852E600F978C8 /* Views */ = {
			isa = PBXGroup;
			children = (
				45A1CE291EA2A29800C84563 /* ColorPicker */,
				455D81401E90992000D7406A /* Cells */,
			);
			path = Views;
			sourceTree = "<group>";
		};
		45E0C2261E88531B00F978C8 /* Storyboards */ = {
			isa = PBXGroup;
			children = (
				45E0C2271E88533200F978C8 /* LaunchScreen.storyboard */,
				45E0C2291E88533200F978C8 /* Main.storyboard */,
				45A1CE3D1EA6458A00C84563 /* LivePhoto.storyboard */,
				45A1CE401EA645B000C84563 /* GIF.storyboard */,
			);
			path = Storyboards;
			sourceTree = "<group>";
		};
		6A754FA4BFEF4A6C28E19D13 /* Frameworks */ = {
			isa = PBXGroup;
			children = (
				5445CC56839CEEDA7D09E8CA /* Pods_Jeffy.framework */,
				23CC65F2015B4C94D1E7BCD8 /* Pods_JeffyTests.framework */,
			);
			name = Frameworks;
			sourceTree = "<group>";
		};
		CF1A31564B753F03B0BC8180 /* Pods */ = {
			isa = PBXGroup;
			children = (
				9FFCE7D46D93D1BDB639AF08 /* Pods-Jeffy.debug.xcconfig */,
				0530C586FC1A14B1CFA80402 /* Pods-Jeffy.release.xcconfig */,
				3DFF9327804BA3E46C5F0453 /* Pods-JeffyTests.debug.xcconfig */,
				9A368AAA0CCC0C885EF9BD32 /* Pods-JeffyTests.release.xcconfig */,
			);
			name = Pods;
			sourceTree = "<group>";
		};
/* End PBXGroup section */

/* Begin PBXNativeTarget section */
		45E0C1FA1E88526700F978C8 /* Jeffy */ = {
			isa = PBXNativeTarget;
			buildConfigurationList = 45E0C21B1E88526700F978C8 /* Build configuration list for PBXNativeTarget "Jeffy" */;
			buildPhases = (
				F29395A98883D981F450D6C7 /* [CP] Check Pods Manifest.lock */,
				45E0C1F71E88526700F978C8 /* Sources */,
				45E0C1F81E88526700F978C8 /* Frameworks */,
				45E0C1F91E88526700F978C8 /* Resources */,
				72E5577DE24D5ACE5A68ABC6 /* [CP] Embed Pods Frameworks */,
				8D5AC702596A4CE82727E090 /* [CP] Copy Pods Resources */,
			);
			buildRules = (
			);
			dependencies = (
			);
			name = Jeffy;
			productName = Jeffy;
			productReference = 45E0C1FB1E88526700F978C8 /* Jeffy.app */;
			productType = "com.apple.product-type.application";
		};
		45E0C2111E88526700F978C8 /* JeffyTests */ = {
			isa = PBXNativeTarget;
			buildConfigurationList = 45E0C21E1E88526700F978C8 /* Build configuration list for PBXNativeTarget "JeffyTests" */;
			buildPhases = (
				A457FE1BDC6C0D6879C78C41 /* [CP] Check Pods Manifest.lock */,
				45E0C20E1E88526700F978C8 /* Sources */,
				45E0C20F1E88526700F978C8 /* Frameworks */,
				45E0C2101E88526700F978C8 /* Resources */,
				473E24B816BCEC07B080C8AD /* [CP] Embed Pods Frameworks */,
				18F79EB4FA8E50E927897E5A /* [CP] Copy Pods Resources */,
			);
			buildRules = (
			);
			dependencies = (
				45E0C2141E88526700F978C8 /* PBXTargetDependency */,
			);
			name = JeffyTests;
			productName = JeffyTests;
			productReference = 45E0C2121E88526700F978C8 /* JeffyTests.xctest */;
			productType = "com.apple.product-type.bundle.unit-test";
		};
/* End PBXNativeTarget section */

/* Begin PBXProject section */
		45E0C1F31E88526700F978C8 /* Project object */ = {
			isa = PBXProject;
			attributes = {
				LastSwiftUpdateCheck = 0820;
				LastUpgradeCheck = 0820;
				ORGANIZATIONNAME = mohssenfathi;
				TargetAttributes = {
					45E0C1FA1E88526700F978C8 = {
						CreatedOnToolsVersion = 8.2.1;
						DevelopmentTeam = P83X3BG446;
						ProvisioningStyle = Automatic;
					};
					45E0C2111E88526700F978C8 = {
						CreatedOnToolsVersion = 8.2.1;
						DevelopmentTeam = P83X3BG446;
						ProvisioningStyle = Automatic;
						TestTargetID = 45E0C1FA1E88526700F978C8;
					};
				};
			};
			buildConfigurationList = 45E0C1F61E88526700F978C8 /* Build configuration list for PBXProject "Jeffy" */;
			compatibilityVersion = "Xcode 3.2";
			developmentRegion = English;
			hasScannedForEncodings = 0;
			knownRegions = (
				en,
				Base,
			);
			mainGroup = 45E0C1F21E88526700F978C8;
			productRefGroup = 45E0C1FC1E88526700F978C8 /* Products */;
			projectDirPath = "";
			projectRoot = "";
			targets = (
				45E0C1FA1E88526700F978C8 /* Jeffy */,
				45E0C2111E88526700F978C8 /* JeffyTests */,
			);
		};
/* End PBXProject section */

/* Begin PBXResourcesBuildPhase section */
		45E0C1F91E88526700F978C8 /* Resources */ = {
			isa = PBXResourcesBuildPhase;
			buildActionMask = 2147483647;
			files = (
				4566B5C71E91303F00D3E357 /* Montserrat-Bold.ttf in Resources */,
				45A1CE421EA645B000C84563 /* GIF.storyboard in Resources */,
				45A1CE3F1EA6458A00C84563 /* LivePhoto.storyboard in Resources */,
				45E0C22B1E88533200F978C8 /* LaunchScreen.storyboard in Resources */,
				45E0C2091E88526700F978C8 /* Assets.xcassets in Resources */,
				4566B5C81E91303F00D3E357 /* Montserrat-Regular.ttf in Resources */,
				45E0C22C1E88533200F978C8 /* Main.storyboard in Resources */,
			);
			runOnlyForDeploymentPostprocessing = 0;
		};
		45E0C2101E88526700F978C8 /* Resources */ = {
			isa = PBXResourcesBuildPhase;
			buildActionMask = 2147483647;
			files = (
			);
			runOnlyForDeploymentPostprocessing = 0;
		};
/* End PBXResourcesBuildPhase section */

/* Begin PBXShellScriptBuildPhase section */
		18F79EB4FA8E50E927897E5A /* [CP] Copy Pods Resources */ = {
			isa = PBXShellScriptBuildPhase;
			buildActionMask = 2147483647;
			files = (
			);
			inputPaths = (
			);
			name = "[CP] Copy Pods Resources";
			outputPaths = (
			);
			runOnlyForDeploymentPostprocessing = 0;
			shellPath = /bin/sh;
			shellScript = "\"${SRCROOT}/Pods/Target Support Files/Pods-JeffyTests/Pods-JeffyTests-resources.sh\"\n";
			showEnvVarsInLog = 0;
		};
		473E24B816BCEC07B080C8AD /* [CP] Embed Pods Frameworks */ = {
			isa = PBXShellScriptBuildPhase;
			buildActionMask = 2147483647;
			files = (
			);
			inputPaths = (
			);
			name = "[CP] Embed Pods Frameworks";
			outputPaths = (
			);
			runOnlyForDeploymentPostprocessing = 0;
			shellPath = /bin/sh;
			shellScript = "\"${SRCROOT}/Pods/Target Support Files/Pods-JeffyTests/Pods-JeffyTests-frameworks.sh\"\n";
			showEnvVarsInLog = 0;
		};
		72E5577DE24D5ACE5A68ABC6 /* [CP] Embed Pods Frameworks */ = {
			isa = PBXShellScriptBuildPhase;
			buildActionMask = 2147483647;
			files = (
			);
			inputPaths = (
			);
			name = "[CP] Embed Pods Frameworks";
			outputPaths = (
			);
			runOnlyForDeploymentPostprocessing = 0;
			shellPath = /bin/sh;
			shellScript = "\"${SRCROOT}/Pods/Target Support Files/Pods-Jeffy/Pods-Jeffy-frameworks.sh\"\n";
			showEnvVarsInLog = 0;
		};
		8D5AC702596A4CE82727E090 /* [CP] Copy Pods Resources */ = {
			isa = PBXShellScriptBuildPhase;
			buildActionMask = 2147483647;
			files = (
			);
			inputPaths = (
			);
			name = "[CP] Copy Pods Resources";
			outputPaths = (
			);
			runOnlyForDeploymentPostprocessing = 0;
			shellPath = /bin/sh;
			shellScript = "\"${SRCROOT}/Pods/Target Support Files/Pods-Jeffy/Pods-Jeffy-resources.sh\"\n";
			showEnvVarsInLog = 0;
		};
		A457FE1BDC6C0D6879C78C41 /* [CP] Check Pods Manifest.lock */ = {
			isa = PBXShellScriptBuildPhase;
			buildActionMask = 2147483647;
			files = (
			);
			inputPaths = (
			);
			name = "[CP] Check Pods Manifest.lock";
			outputPaths = (
			);
			runOnlyForDeploymentPostprocessing = 0;
			shellPath = /bin/sh;
			shellScript = "diff \"${PODS_ROOT}/../Podfile.lock\" \"${PODS_ROOT}/Manifest.lock\" > /dev/null\nif [ $? != 0 ] ; then\n    # print error to STDERR\n    echo \"error: The sandbox is not in sync with the Podfile.lock. Run 'pod install' or update your CocoaPods installation.\" >&2\n    exit 1\nfi\n";
			showEnvVarsInLog = 0;
		};
		F29395A98883D981F450D6C7 /* [CP] Check Pods Manifest.lock */ = {
			isa = PBXShellScriptBuildPhase;
			buildActionMask = 2147483647;
			files = (
			);
			inputPaths = (
			);
			name = "[CP] Check Pods Manifest.lock";
			outputPaths = (
			);
			runOnlyForDeploymentPostprocessing = 0;
			shellPath = /bin/sh;
			shellScript = "diff \"${PODS_ROOT}/../Podfile.lock\" \"${PODS_ROOT}/Manifest.lock\" > /dev/null\nif [ $? != 0 ] ; then\n    # print error to STDERR\n    echo \"error: The sandbox is not in sync with the Podfile.lock. Run 'pod install' or update your CocoaPods installation.\" >&2\n    exit 1\nfi\n";
			showEnvVarsInLog = 0;
		};
/* End PBXShellScriptBuildPhase section */

/* Begin PBXSourcesBuildPhase section */
		45E0C1F71E88526700F978C8 /* Sources */ = {
			isa = PBXSourcesBuildPhase;
			buildActionMask = 2147483647;
			files = (
				45E0C22E1E88534B00F978C8 /* MainViewController.swift in Sources */,
				45A1CE281EA289F300C84563 /* GIFDetailViewController.swift in Sources */,
				4566B5C21E909D9600D3E357 /* PageCollectionViewCell.swift in Sources */,
				45E0C2071E88526700F978C8 /* Jeffy.xcdatamodeld in Sources */,
				45E0C2331E8853CC00F978C8 /* PhotosManager.swift in Sources */,
				45A1CE3C1EA4F11100C84563 /* LivePhotoCollectionViewCell.swift in Sources */,
				455D81271E901D5000D7406A /* QuickTimeMov.swift in Sources */,
				455D81291E90372100D7406A /* GIFManager.swift in Sources */,
				45A1CE3A1EA4F04900C84563 /* LivePhotoDataSource.swift in Sources */,
				455D81421E90992000D7406A /* ViewControllerCollectionViewCell.swift in Sources */,
				45E0C2351E8853CF00F978C8 /* JeffyAlbum.swift in Sources */,
				455D81321E90555000D7406A /* GIF.swift in Sources */,
				45E0C1FF1E88526700F978C8 /* AppDelegate.swift in Sources */,
				455D813D1E90968300D7406A /* GIFViewController.swift in Sources */,
				455D813F1E90969200D7406A /* LivePhotoViewController.swift in Sources */,
				45A1CE2D1EA2A33D00C84563 /* ColorPickerViewController.swift in Sources */,
				45A1CE2B1EA2A29800C84563 /* SpectrumView.swift in Sources */,
				455D81261E901D5000D7406A /* JPEG.swift in Sources */,
				4566B5CA1E9132A000D3E357 /* GIFCollectionViewCell.swift in Sources */,
				455D813B1E90789B00D7406A /* GIFConverter.swift in Sources */,
				45A1CE441EA645D100C84563 /* LivePhotoDetailViewController.swift in Sources */,
				4566B5CC1E91349600D3E357 /* GIFDataSource.swift in Sources */,
				45A1CE2F1EA2A76900C84563 /* Tools.swift in Sources */,
			);
			runOnlyForDeploymentPostprocessing = 0;
		};
		45E0C20E1E88526700F978C8 /* Sources */ = {
			isa = PBXSourcesBuildPhase;
			buildActionMask = 2147483647;
			files = (
				45E0C2171E88526700F978C8 /* JeffyTests.swift in Sources */,
			);
			runOnlyForDeploymentPostprocessing = 0;
		};
/* End PBXSourcesBuildPhase section */

/* Begin PBXTargetDependency section */
		45E0C2141E88526700F978C8 /* PBXTargetDependency */ = {
			isa = PBXTargetDependency;
			target = 45E0C1FA1E88526700F978C8 /* Jeffy */;
			targetProxy = 45E0C2131E88526700F978C8 /* PBXContainerItemProxy */;
		};
/* End PBXTargetDependency section */

/* Begin PBXVariantGroup section */
		45A1CE3D1EA6458A00C84563 /* LivePhoto.storyboard */ = {
			isa = PBXVariantGroup;
			children = (
				45A1CE3E1EA6458A00C84563 /* Base */,
			);
			name = LivePhoto.storyboard;
			sourceTree = "<group>";
		};
		45A1CE401EA645B000C84563 /* GIF.storyboard */ = {
			isa = PBXVariantGroup;
			children = (
				45A1CE411EA645B000C84563 /* Base */,
			);
			name = GIF.storyboard;
			sourceTree = "<group>";
		};
		45E0C2271E88533200F978C8 /* LaunchScreen.storyboard */ = {
			isa = PBXVariantGroup;
			children = (
				45E0C2281E88533200F978C8 /* Base */,
			);
			name = LaunchScreen.storyboard;
			sourceTree = "<group>";
		};
		45E0C2291E88533200F978C8 /* Main.storyboard */ = {
			isa = PBXVariantGroup;
			children = (
				45E0C22A1E88533200F978C8 /* Base */,
			);
			name = Main.storyboard;
			sourceTree = "<group>";
		};
/* End PBXVariantGroup section */

/* Begin XCBuildConfiguration section */
		45E0C2191E88526700F978C8 /* Debug */ = {
			isa = XCBuildConfiguration;
			buildSettings = {
				ALWAYS_SEARCH_USER_PATHS = NO;
				CLANG_ANALYZER_NONNULL = YES;
				CLANG_CXX_LANGUAGE_STANDARD = "gnu++0x";
				CLANG_CXX_LIBRARY = "libc++";
				CLANG_ENABLE_MODULES = YES;
				CLANG_ENABLE_OBJC_ARC = YES;
				CLANG_WARN_BOOL_CONVERSION = YES;
				CLANG_WARN_CONSTANT_CONVERSION = YES;
				CLANG_WARN_DIRECT_OBJC_ISA_USAGE = YES_ERROR;
				CLANG_WARN_DOCUMENTATION_COMMENTS = YES;
				CLANG_WARN_EMPTY_BODY = YES;
				CLANG_WARN_ENUM_CONVERSION = YES;
				CLANG_WARN_INFINITE_RECURSION = YES;
				CLANG_WARN_INT_CONVERSION = YES;
				CLANG_WARN_OBJC_ROOT_CLASS = YES_ERROR;
				CLANG_WARN_SUSPICIOUS_MOVE = YES;
				CLANG_WARN_UNREACHABLE_CODE = YES;
				CLANG_WARN__DUPLICATE_METHOD_MATCH = YES;
				"CODE_SIGN_IDENTITY[sdk=iphoneos*]" = "iPhone Developer";
				COPY_PHASE_STRIP = NO;
				DEBUG_INFORMATION_FORMAT = dwarf;
				ENABLE_STRICT_OBJC_MSGSEND = YES;
				ENABLE_TESTABILITY = YES;
				GCC_C_LANGUAGE_STANDARD = gnu99;
				GCC_DYNAMIC_NO_PIC = NO;
				GCC_NO_COMMON_BLOCKS = YES;
				GCC_OPTIMIZATION_LEVEL = 0;
				GCC_PREPROCESSOR_DEFINITIONS = (
					"DEBUG=1",
					"$(inherited)",
				);
				GCC_WARN_64_TO_32_BIT_CONVERSION = YES;
				GCC_WARN_ABOUT_RETURN_TYPE = YES_ERROR;
				GCC_WARN_UNDECLARED_SELECTOR = YES;
				GCC_WARN_UNINITIALIZED_AUTOS = YES_AGGRESSIVE;
				GCC_WARN_UNUSED_FUNCTION = YES;
				GCC_WARN_UNUSED_VARIABLE = YES;
				IPHONEOS_DEPLOYMENT_TARGET = 10.2;
				MTL_ENABLE_DEBUG_INFO = YES;
				ONLY_ACTIVE_ARCH = YES;
				SDKROOT = iphoneos;
				SWIFT_ACTIVE_COMPILATION_CONDITIONS = DEBUG;
				SWIFT_OPTIMIZATION_LEVEL = "-Onone";
				TARGETED_DEVICE_FAMILY = "1,2";
			};
			name = Debug;
		};
		45E0C21A1E88526700F978C8 /* Release */ = {
			isa = XCBuildConfiguration;
			buildSettings = {
				ALWAYS_SEARCH_USER_PATHS = NO;
				CLANG_ANALYZER_NONNULL = YES;
				CLANG_CXX_LANGUAGE_STANDARD = "gnu++0x";
				CLANG_CXX_LIBRARY = "libc++";
				CLANG_ENABLE_MODULES = YES;
				CLANG_ENABLE_OBJC_ARC = YES;
				CLANG_WARN_BOOL_CONVERSION = YES;
				CLANG_WARN_CONSTANT_CONVERSION = YES;
				CLANG_WARN_DIRECT_OBJC_ISA_USAGE = YES_ERROR;
				CLANG_WARN_DOCUMENTATION_COMMENTS = YES;
				CLANG_WARN_EMPTY_BODY = YES;
				CLANG_WARN_ENUM_CONVERSION = YES;
				CLANG_WARN_INFINITE_RECURSION = YES;
				CLANG_WARN_INT_CONVERSION = YES;
				CLANG_WARN_OBJC_ROOT_CLASS = YES_ERROR;
				CLANG_WARN_SUSPICIOUS_MOVE = YES;
				CLANG_WARN_UNREACHABLE_CODE = YES;
				CLANG_WARN__DUPLICATE_METHOD_MATCH = YES;
				"CODE_SIGN_IDENTITY[sdk=iphoneos*]" = "iPhone Developer";
				COPY_PHASE_STRIP = NO;
				DEBUG_INFORMATION_FORMAT = "dwarf-with-dsym";
				ENABLE_NS_ASSERTIONS = NO;
				ENABLE_STRICT_OBJC_MSGSEND = YES;
				GCC_C_LANGUAGE_STANDARD = gnu99;
				GCC_NO_COMMON_BLOCKS = YES;
				GCC_WARN_64_TO_32_BIT_CONVERSION = YES;
				GCC_WARN_ABOUT_RETURN_TYPE = YES_ERROR;
				GCC_WARN_UNDECLARED_SELECTOR = YES;
				GCC_WARN_UNINITIALIZED_AUTOS = YES_AGGRESSIVE;
				GCC_WARN_UNUSED_FUNCTION = YES;
				GCC_WARN_UNUSED_VARIABLE = YES;
				IPHONEOS_DEPLOYMENT_TARGET = 10.2;
				MTL_ENABLE_DEBUG_INFO = NO;
				SDKROOT = iphoneos;
				SWIFT_OPTIMIZATION_LEVEL = "-Owholemodule";
				TARGETED_DEVICE_FAMILY = "1,2";
				VALIDATE_PRODUCT = YES;
			};
			name = Release;
		};
		45E0C21C1E88526700F978C8 /* Debug */ = {
			isa = XCBuildConfiguration;
			baseConfigurationReference = 9FFCE7D46D93D1BDB639AF08 /* Pods-Jeffy.debug.xcconfig */;
			buildSettings = {
				ASSETCATALOG_COMPILER_APPICON_NAME = AppIcon;
				DEVELOPMENT_TEAM = P83X3BG446;
				INFOPLIST_FILE = Jeffy/Info.plist;
				LD_RUNPATH_SEARCH_PATHS = "$(inherited) @executable_path/Frameworks";
				PRODUCT_BUNDLE_IDENTIFIER = com.mohssenfathi.Jeffy;
				PRODUCT_NAME = "$(TARGET_NAME)";
				SWIFT_VERSION = 3.0;
			};
			name = Debug;
		};
		45E0C21D1E88526700F978C8 /* Release */ = {
			isa = XCBuildConfiguration;
			baseConfigurationReference = 0530C586FC1A14B1CFA80402 /* Pods-Jeffy.release.xcconfig */;
			buildSettings = {
				ASSETCATALOG_COMPILER_APPICON_NAME = AppIcon;
				DEVELOPMENT_TEAM = P83X3BG446;
				INFOPLIST_FILE = Jeffy/Info.plist;
				LD_RUNPATH_SEARCH_PATHS = "$(inherited) @executable_path/Frameworks";
				PRODUCT_BUNDLE_IDENTIFIER = com.mohssenfathi.Jeffy;
				PRODUCT_NAME = "$(TARGET_NAME)";
				SWIFT_VERSION = 3.0;
			};
			name = Release;
		};
		45E0C21F1E88526700F978C8 /* Debug */ = {
			isa = XCBuildConfiguration;
			baseConfigurationReference = 3DFF9327804BA3E46C5F0453 /* Pods-JeffyTests.debug.xcconfig */;
			buildSettings = {
				ALWAYS_EMBED_SWIFT_STANDARD_LIBRARIES = YES;
				BUNDLE_LOADER = "$(TEST_HOST)";
				DEVELOPMENT_TEAM = P83X3BG446;
				INFOPLIST_FILE = JeffyTests/Info.plist;
				LD_RUNPATH_SEARCH_PATHS = "$(inherited) @executable_path/Frameworks @loader_path/Frameworks";
				PRODUCT_BUNDLE_IDENTIFIER = com.mohssenfathi.JeffyTests;
				PRODUCT_NAME = "$(TARGET_NAME)";
				SWIFT_VERSION = 3.0;
				TEST_HOST = "$(BUILT_PRODUCTS_DIR)/Jeffy.app/Jeffy";
			};
			name = Debug;
		};
		45E0C2201E88526700F978C8 /* Release */ = {
			isa = XCBuildConfiguration;
			baseConfigurationReference = 9A368AAA0CCC0C885EF9BD32 /* Pods-JeffyTests.release.xcconfig */;
			buildSettings = {
				ALWAYS_EMBED_SWIFT_STANDARD_LIBRARIES = YES;
				BUNDLE_LOADER = "$(TEST_HOST)";
				DEVELOPMENT_TEAM = P83X3BG446;
				INFOPLIST_FILE = JeffyTests/Info.plist;
				LD_RUNPATH_SEARCH_PATHS = "$(inherited) @executable_path/Frameworks @loader_path/Frameworks";
				PRODUCT_BUNDLE_IDENTIFIER = com.mohssenfathi.JeffyTests;
				PRODUCT_NAME = "$(TARGET_NAME)";
				SWIFT_VERSION = 3.0;
				TEST_HOST = "$(BUILT_PRODUCTS_DIR)/Jeffy.app/Jeffy";
			};
			name = Release;
		};
/* End XCBuildConfiguration section */

/* Begin XCConfigurationList section */
		45E0C1F61E88526700F978C8 /* Build configuration list for PBXProject "Jeffy" */ = {
			isa = XCConfigurationList;
			buildConfigurations = (
				45E0C2191E88526700F978C8 /* Debug */,
				45E0C21A1E88526700F978C8 /* Release */,
			);
			defaultConfigurationIsVisible = 0;
			defaultConfigurationName = Release;
		};
		45E0C21B1E88526700F978C8 /* Build configuration list for PBXNativeTarget "Jeffy" */ = {
			isa = XCConfigurationList;
			buildConfigurations = (
				45E0C21C1E88526700F978C8 /* Debug */,
				45E0C21D1E88526700F978C8 /* Release */,
			);
			defaultConfigurationIsVisible = 0;
			defaultConfigurationName = Release;
		};
		45E0C21E1E88526700F978C8 /* Build configuration list for PBXNativeTarget "JeffyTests" */ = {
			isa = XCConfigurationList;
			buildConfigurations = (
				45E0C21F1E88526700F978C8 /* Debug */,
				45E0C2201E88526700F978C8 /* Release */,
			);
			defaultConfigurationIsVisible = 0;
			defaultConfigurationName = Release;
		};
/* End XCConfigurationList section */

/* Begin XCVersionGroup section */
		45E0C2051E88526700F978C8 /* Jeffy.xcdatamodeld */ = {
			isa = XCVersionGroup;
			children = (
				45E0C2061E88526700F978C8 /* Jeffy.xcdatamodel */,
			);
			currentVersion = 45E0C2061E88526700F978C8 /* Jeffy.xcdatamodel */;
			path = Jeffy.xcdatamodeld;
			sourceTree = "<group>";
			versionGroupType = wrapper.xcdatamodel;
		};
/* End XCVersionGroup section */
	};
	rootObject = 45E0C1F31E88526700F978C8 /* Project object */;
}
